PODS:
  - Action (5.0.0):
    - RxCocoa (~> 6.0)
    - RxSwift (~> 6.0)
  - Alamofire (5.6.1)
  - AsyncSwift (2.0.4)
  - Differentiator (5.0.0)
  - IQKeyboardManager (6.5.10)
  - Moya/Core (15.0.0):
    - Alamofire (~> 5.0)
  - Moya/RxSwift (15.0.0):
    - Moya/Core
    - RxSwift (~> 6.0)
  - MVVM-Swift (5.0.1)
  - ObjectMapper (4.2.0)
  - Realm (10.27.0):
    - Realm/Headers (= 10.27.0)
  - Realm/Headers (10.27.0)
  - RealmSwift (10.27.0):
    - Realm (= 10.27.0)
  - RxCocoa (6.5.0):
    - RxRelay (= 6.5.0)
    - RxSwift (= 6.5.0)
  - RxDataSources (5.0.0):
    - Differentiator (~> 5.0)
    - RxCocoa (~> 6.0)
    - RxSwift (~> 6.0)
  - RxGesture (4.0.3):
    - RxCocoa (~> 6.0)
    - RxSwift (~> 6.0)
  - RxRelay (6.5.0):
    - RxSwift (= 6.5.0)
  - RxSwift (6.5.0)
  - SnapKit (5.0.1)
  - SwifterSwift (5.2.0):
    - SwifterSwift/AppKit (= 5.2.0)
    - SwifterSwift/CoreAnimation (= 5.2.0)
    - SwifterSwift/CoreGraphics (= 5.2.0)
    - SwifterSwift/CoreLocation (= 5.2.0)
    - SwifterSwift/Dispatch (= 5.2.0)
    - SwifterSwift/Foundation (= 5.2.0)
    - SwifterSwift/MapKit (= 5.2.0)
    - SwifterSwift/SceneKit (= 5.2.0)
    - SwifterSwift/SpriteKit (= 5.2.0)
    - SwifterSwift/StoreKit (= 5.2.0)
    - SwifterSwift/SwiftStdlib (= 5.2.0)
    - SwifterSwift/UIKit (= 5.2.0)
  - SwifterSwift/AppKit (5.2.0)
  - SwifterSwift/CoreAnimation (5.2.0)
  - SwifterSwift/CoreGraphics (5.2.0)
  - SwifterSwift/CoreLocation (5.2.0)
  - SwifterSwift/Dispatch (5.2.0)
  - SwifterSwift/Foundation (5.2.0)
  - SwifterSwift/MapKit (5.2.0)
  - SwifterSwift/SceneKit (5.2.0)
  - SwifterSwift/SpriteKit (5.2.0)
  - SwifterSwift/StoreKit (5.2.0)
  - SwifterSwift/SwiftStdlib (5.2.0)
  - SwifterSwift/UIKit (5.2.0)
  - SwiftyBeaver (1.9.5)

DEPENDENCIES:
  - Action (= 5.0.0)
  - AsyncSwift (= 2.0.4)
  - IQKeyboardManager
  - Moya/RxSwift (~> 15.0)
  - MVVM-Swift
  - ObjectMapper
  - RealmSwift
  - RxCocoa (= 6.5.0)
  - RxDataSources (= 5.0.0)
  - RxGesture (= 4.0.3)
  - RxSwift (= 6.5.0)
  - SnapKit (= 5.0.1)
  - SwifterSwift (= 5.2.0)
  - SwiftyBeaver (= 1.9.5)

SPEC REPOS:
  trunk:
    - Action
    - Alamofire
    - AsyncSwift
    - Differentiator
    - IQKeyboardManager
    - Moya
    - MVVM-Swift
    - ObjectMapper
    - Realm
    - RealmSwift
    - RxCocoa
    - RxDataSources
    - RxGesture
    - RxRelay
    - RxSwift
    - SnapKit
    - SwifterSwift
    - SwiftyBeaver

SPEC CHECKSUMS:
  Action: 47f1825511907b4fcd79dd7a7db9526c20f78018
  Alamofire: 87bd8c952f9a4454320fce00d9cc3de57bcadaf5
  AsyncSwift: 65775a7b32e740609b24969ece3de58723b9dc3e
  Differentiator: e8497ceab83c1b10ca233716d547b9af21b9344d
  IQKeyboardManager: 45a1fa55c1a5b02c61ac0fd7fd5b62bb4ad20d97
  Moya: 138f0573e53411fb3dc17016add0b748dfbd78ee
  MVVM-Swift: 0333cd8a16abfe0e93a1423bfddb49b8c11065e1
  ObjectMapper: 1eb41f610210777375fa806bf161dc39fb832b81
  Realm: 9ca328bd7e700cc19703799785e37f77d1a130f2
  RealmSwift: 271de77b09a73c5e46ee3252283878153bd5d288
  RxCocoa: 94f817b71c07517321eb4f9ad299112ca8af743b
  RxDataSources: aa47cc1ed6c500fa0dfecac5c979b723542d79cf
  RxGesture: abadd243fc36db74df43dfc893829ddde94f1a3d
  RxRelay: 1de1523e604c72b6c68feadedd1af3b1b4d0ecbd
  RxSwift: 5710a9e6b17f3c3d6e40d6e559b9fa1e813b2ef8
  SnapKit: 97b92857e3df3a0c71833cce143274bf6ef8e5eb
  SwifterSwift: 334181863c416882d97b7a60c05054d9e4d799e2
  SwiftyBeaver: 84069991dd5dca07d7069100985badaca7f0ce82

PODFILE CHECKSUM: 15387b91f8f602c31695fdd5f98610eb9c124430

COCOAPODS: 1.11.3
